
Microsoft Visual Studio Solution File, Format Version 12.00
# Visual Studio Version 16
VisualStudioVersion = 16.0.29020.237
MinimumVisualStudioVersion = 10.0.40219.1
Project("{9A19103F-16F7-4668-BE54-9A1E7A4F7556}") = "PassValidator.Web", "PassValidator.Web\PassValidator.Web.csproj", "{2C7368F7-8E65-4BB4-A0B3-62F3AF26C5D2}"
EndProject
Project("{FAE04EC0-301F-11D3-BF4B-00C04F79EFBC}") = "PassValidator.Test", "PassValidator.Test\PassValidator.Test.csproj", "{FDF4AABD-95EC-4881-966F-846D7EBA382F}"
EndProject
Global
	GlobalSection(SolutionConfigurationPlatforms) = preSolution
		Debug|Any CPU = Debug|Any CPU
		Release|Any CPU = Release|Any CPU
	EndGlobalSection
	GlobalSection(ProjectConfigurationPlatforms) = postSolution
		{2C7368F7-8E65-4BB4-A0B3-62F3AF26C5D2}.Debug|Any CPU.ActiveCfg = Debug|Any CPU
		{2C7368F7-8E65-4BB4-A0B3-62F3AF26C5D2}.Debug|Any CPU.Build.0 = Debug|Any CPU
		{2C7368F7-8E65-4BB4-A0B3-62F3AF26C5D2}.Release|Any CPU.ActiveCfg = Release|Any CPU
		{2C7368F7-8E65-4BB4-A0B3-62F3AF26C5D2}.Release|Any CPU.Build.0 = Release|Any CPU
		{FDF4AABD-95EC-4881-966F-846D7EBA382F}.Debug|Any CPU.ActiveCfg = Debug|Any CPU
		{FDF4AABD-95EC-4881-966F-846D7EBA382F}.Debug|Any CPU.Build.0 = Debug|Any CPU
		{FDF4AABD-95EC-4881-966F-846D7EBA382F}.Release|Any CPU.ActiveCfg = Release|Any CPU
		{FDF4AABD-95EC-4881-966F-846D7EBA382F}.Release|Any CPU.Build.0 = Release|Any CPU
	EndGlobalSection
	GlobalSection(SolutionProperties) = preSolution
		HideSolutionNode = FALSE
	EndGlobalSection
	GlobalSection(ExtensibilityGlobals) = postSolution
		SolutionGuid = {043B263F-14B7-4620-966B-A38E813B8C65}
	EndGlobalSection
EndGlobal
